
Microsoft Visual Studio Solution File, Format Version 12.00
# Visual Studio 15
VisualStudioVersion = 15.0.28307.136
MinimumVisualStudioVersion = 10.0.40219.1
Project("{FAE04EC0-301F-11D3-BF4B-00C04F79EFBC}") = "NotificationPro", "NotificationPro\NotificationPro.csproj", "{540EAA76-A554-4E23-8797-F8D30DBAEC61}"
EndProject
Global
	GlobalSection(SolutionConfigurationPlatforms) = preSolution
		Debug|Any CPU = Debug|Any CPU
		Release|Any CPU = Release|Any CPU
	EndGlobalSection
	GlobalSection(ProjectConfigurationPlatforms) = postSolution
		{540EAA76-A554-4E23-8797-F8D30DBAEC61}.Debug|Any CPU.ActiveCfg = Debug|Any CPU
		{540EAA76-A554-4E23-8797-F8D30DBAEC61}.Debug|Any CPU.Build.0 = Debug|Any CPU
		{540EAA76-A554-4E23-8797-F8D30DBAEC61}.Release|Any CPU.ActiveCfg = Release|Any CPU
		{540EAA76-A554-4E23-8797-F8D30DBAEC61}.Release|Any CPU.Build.0 = Release|Any CPU
	EndGlobalSection
	GlobalSection(SolutionProperties) = preSolution
		HideSolutionNode = FALSE
	EndGlobalSection
	GlobalSection(ExtensibilityGlobals) = postSolution
		SolutionGuid = {73C425C1-8D46-48DD-A19F-1FA812ED6D36}
	EndGlobalSection
EndGlobal
